
Microsoft Visual Studio Solution File, Format Version 12.00
# Visual Studio Version 17
VisualStudioVersion = 17.5.002.0
MinimumVisualStudioVersion = 10.0.40219.1
Project("{9A19103F-16F7-4668-BE54-9A1E7A4F7556}") = "Algoritmos 2024.4", "Algoritmos 2024.4.csproj", "{466DE224-8AB5-4620-8BA4-68103B8B51F2}"
EndProject
Global
	GlobalSection(SolutionConfigurationPlatforms) = preSolution
		Debug|Any CPU = Debug|Any CPU
		Release|Any CPU = Release|Any CPU
	EndGlobalSection
	GlobalSection(ProjectConfigurationPlatforms) = postSolution
		{466DE224-8AB5-4620-8BA4-68103B8B51F2}.Debug|Any CPU.ActiveCfg = Debug|Any CPU
		{466DE224-8AB5-4620-8BA4-68103B8B51F2}.Debug|Any CPU.Build.0 = Debug|Any CPU
		{466DE224-8AB5-4620-8BA4-68103B8B51F2}.Release|Any CPU.ActiveCfg = Release|Any CPU
		{466DE224-8AB5-4620-8BA4-68103B8B51F2}.Release|Any CPU.Build.0 = Release|Any CPU
	EndGlobalSection
	GlobalSection(SolutionProperties) = preSolution
		HideSolutionNode = FALSE
	EndGlobalSection
	GlobalSection(ExtensibilityGlobals) = postSolution
		SolutionGuid = {187A4925-51A0-42A5-84CB-C094F93B8EE2}
	EndGlobalSection
EndGlobal
