
Microsoft Visual Studio Solution File, Format Version 12.00
# Visual Studio Version 17
VisualStudioVersion = 17.5.002.0
MinimumVisualStudioVersion = 10.0.40219.1
Project("{9A19103F-16F7-4668-BE54-9A1E7A4F7556}") = "Algoritmos 2024.2", "Algoritmos 2024.2.csproj", "{A39256F7-9987-451B-8050-779EE5EAA6E3}"
EndProject
Global
	GlobalSection(SolutionConfigurationPlatforms) = preSolution
		Debug|Any CPU = Debug|Any CPU
		Release|Any CPU = Release|Any CPU
	EndGlobalSection
	GlobalSection(ProjectConfigurationPlatforms) = postSolution
		{A39256F7-9987-451B-8050-779EE5EAA6E3}.Debug|Any CPU.ActiveCfg = Debug|Any CPU
		{A39256F7-9987-451B-8050-779EE5EAA6E3}.Debug|Any CPU.Build.0 = Debug|Any CPU
		{A39256F7-9987-451B-8050-779EE5EAA6E3}.Release|Any CPU.ActiveCfg = Release|Any CPU
		{A39256F7-9987-451B-8050-779EE5EAA6E3}.Release|Any CPU.Build.0 = Release|Any CPU
	EndGlobalSection
	GlobalSection(SolutionProperties) = preSolution
		HideSolutionNode = FALSE
	EndGlobalSection
	GlobalSection(ExtensibilityGlobals) = postSolution
		SolutionGuid = {76E1FF80-2A33-471E-B3DE-2F6A553BF7FB}
	EndGlobalSection
EndGlobal
